version = 1
revision = 3
requires-python = ">=3.14"

[[package]]
name = "adkil"
version = "0.1.0"
source = { virtual = "." }
dependencies = [
    { name = "django" },
    { name = "django-rq" },
    { name = "djangorestframework" },
    { name = "mutagen" },
    { name = "redis" },
    { name = "rq" },
]

[package.metadata]
requires-dist = [
    { name = "django", specifier = "==4.2.11" },
    { name = "django-rq", specifier = "==2.8.0" },
    { name = "djangorestframework", specifier = "==3.14.0" },
    { name = "mutagen", specifier = "==1.47.0" },
    { name = "redis", specifier = "==5.0.1" },
    { name = "rq", specifier = "==1.15.1" },
]

[[package]]
name = "asgiref"
version = "3.10.0"
source = { registry = "https://pypi.org/simple" }
sdist = { url = "https://files.pythonhosted.org/packages/46/08/4dfec9b90758a59acc6be32ac82e98d1fbfc321cb5cfa410436dbacf821c/asgiref-3.10.0.tar.gz", hash = "sha256:d89f2d8cd8b56dada7d52fa7dc8075baa08fb836560710d38c292a7a3f78c04e", size = 37483, upload-time = "2025-10-05T09:15:06.557Z" }
wheels = [
    { url = "https://files.pythonhosted.org/packages/17/9c/fc2331f538fbf7eedba64b2052e99ccf9ba9d6888e2f41441ee28847004b/asgiref-3.10.0-py3-none-any.whl", hash = "sha256:aef8a81283a34d0ab31630c9b7dfe70c812c95eba78171367ca8745e88124734", size = 24050, upload-time = "2025-10-05T09:15:05.11Z" },
]

[[package]]
name = "click"
version = "8.3.0"
source = { registry = "https://pypi.org/simple" }
dependencies = [
    { name = "colorama", marker = "sys_platform == 'win32'" },
]
sdist = { url = "https://files.pythonhosted.org/packages/46/61/de6cd827efad202d7057d93e0fed9294b96952e188f7384832791c7b2254/click-8.3.0.tar.gz", hash = "sha256:e7b8232224eba16f4ebe410c25ced9f7875cb5f3263ffc93cc3e8da705e229c4", size = 276943, upload-time = "2025-09-18T17:32:23.696Z" }
wheels = [
    { url = "https://files.pythonhosted.org/packages/db/d3/9dcc0f5797f070ec8edf30fbadfb200e71d9db6b84d211e3b2085a7589a0/click-8.3.0-py3-none-any.whl", hash = "sha256:9b9f285302c6e3064f4330c05f05b81945b2a39544279343e6e7c5f27a9baddc", size = 107295, upload-time = "2025-09-18T17:32:22.42Z" },
]

[[package]]
name = "colorama"
version = "0.4.6"
source = { registry = "https://pypi.org/simple" }
sdist = { url = "https://files.pythonhosted.org/packages/d8/53/6f443c9a4a8358a93a6792e2acffb9d9d5cb0a5cfd8802644b7b1c9a02e4/colorama-0.4.6.tar.gz", hash = "sha256:08695f5cb7ed6e0531a20572697297273c47b8cae5a63ffc6d6ed5c201be6e44", size = 27697, upload-time = "2022-10-25T02:36:22.414Z" }
wheels = [
    { url = "https://files.pythonhosted.org/packages/d1/d6/3965ed04c63042e047cb6a3e6ed1a63a35087b6a609aa3a15ed8ac56c221/colorama-0.4.6-py2.py3-none-any.whl", hash = "sha256:4f1d9991f5acc0ca119f9d443620b77f9d6b33703e51011c16baf57afb285fc6", size = 25335, upload-time = "2022-10-25T02:36:20.889Z" },
]

[[package]]
name = "django"
version = "4.2.11"
source = { registry = "https://pypi.org/simple" }
dependencies = [
    { name = "asgiref" },
    { name = "sqlparse" },
    { name = "tzdata", marker = "sys_platform == 'win32'" },
]
sdist = { url = "https://files.pythonhosted.org/packages/d2/e2/c0e7586dd4db1140be179b1386346d1b2e2570dfc7c0d1c0343bdf0d43b0/Django-4.2.11.tar.gz", hash = "sha256:6e6ff3db2d8dd0c986b4eec8554c8e4f919b5c1ff62a5b4390c17aff2ed6e5c4", size = 10426858, upload-time = "2024-03-04T08:57:07.628Z" }
wheels = [
    { url = "https://files.pythonhosted.org/packages/a1/b9/5adf3f78e4c7b762eb6f1140057bd128c978c3f85c08e412f951aef65f9e/Django-4.2.11-py3-none-any.whl", hash = "sha256:ddc24a0a8280a0430baa37aff11f28574720af05888c62b7cfe71d219f4599d3", size = 7991849, upload-time = "2024-03-04T08:56:53.184Z" },
]

[[package]]
name = "django-rq"
version = "2.8.0"
source = { registry = "https://pypi.org/simple" }
dependencies = [
    { name = "django" },
    { name = "redis" },
    { name = "rq" },
]
sdist = { url = "https://files.pythonhosted.org/packages/a3/8a/d5b3eefc4ffbb97476ae913dcbb5a4529d5ef7dce45f0bad56f436d0bbd8/django-rq-2.8.0.tar.gz", hash = "sha256:161fcd037aa837e047400db909d2efa2867294c5efe1c45bcaf8d888ad1839b4", size = 47430, upload-time = "2023-05-02T03:20:16.894Z" }
wheels = [
    { url = "https://files.pythonhosted.org/packages/f9/6d/01a9373e5ff34549c1d1c5b7a68fd581d0d7fc682dd9fc62bc0aa61f2eeb/django_rq-2.8.0-py2.py3-none-any.whl", hash = "sha256:2820ecefed024a7f14fe42ebc46b22f53bcd84639a79c0a379491c10d82bfaa3", size = 50171, upload-time = "2023-05-02T03:20:14.118Z" },
]

[[package]]
name = "djangorestframework"
version = "3.14.0"
source = { registry = "https://pypi.org/simple" }
dependencies = [
    { name = "django" },
    { name = "pytz" },
]
sdist = { url = "https://files.pythonhosted.org/packages/8e/53/5b2a002c5ebafd60dff1e1945a7d63dee40155830997439a9ba324f0fd50/djangorestframework-3.14.0.tar.gz", hash = "sha256:579a333e6256b09489cbe0a067e66abe55c6595d8926be6b99423786334350c8", size = 1055343, upload-time = "2022-09-22T11:38:44.245Z" }
wheels = [
    { url = "https://files.pythonhosted.org/packages/ff/4b/3b46c0914ba4b7546a758c35fdfa8e7f017fcbe7f23c878239e93623337a/djangorestframework-3.14.0-py3-none-any.whl", hash = "sha256:eb63f58c9f218e1a7d064d17a70751f528ed4e1d35547fdade9aaf4cd103fd08", size = 1062761, upload-time = "2022-09-22T11:38:41.825Z" },
]

[[package]]
name = "mutagen"
version = "1.47.0"
source = { registry = "https://pypi.org/simple" }
sdist = { url = "https://files.pythonhosted.org/packages/81/e6/64bc71b74eef4b68e61eb921dcf72dabd9e4ec4af1e11891bbd312ccbb77/mutagen-1.47.0.tar.gz", hash = "sha256:719fadef0a978c31b4cf3c956261b3c58b6948b32023078a2117b1de09f0fc99", size = 1274186, upload-time = "2023-09-03T16:33:33.411Z" }
wheels = [
    { url = "https://files.pythonhosted.org/packages/b0/7a/620f945b96be1f6ee357d211d5bf74ab1b7fe72a9f1525aafbfe3aee6875/mutagen-1.47.0-py3-none-any.whl", hash = "sha256:edd96f50c5907a9539d8e5bba7245f62c9f520aef333d13392a79a4f70aca719", size = 194391, upload-time = "2023-09-03T16:33:29.955Z" },
]

[[package]]
name = "pytz"
version = "2025.2"
source = { registry = "https://pypi.org/simple" }
sdist = { url = "https://files.pythonhosted.org/packages/f8/bf/abbd3cdfb8fbc7fb3d4d38d320f2441b1e7cbe29be4f23797b4a2b5d8aac/pytz-2025.2.tar.gz", hash = "sha256:360b9e3dbb49a209c21ad61809c7fb453643e048b38924c765813546746e81c3", size = 320884, upload-time = "2025-03-25T02:25:00.538Z" }
wheels = [
    { url = "https://files.pythonhosted.org/packages/81/c4/34e93fe5f5429d7570ec1fa436f1986fb1f00c3e0f43a589fe2bbcd22c3f/pytz-2025.2-py2.py3-none-any.whl", hash = "sha256:5ddf76296dd8c44c26eb8f4b6f35488f3ccbf6fbbd7adee0b7262d43f0ec2f00", size = 509225, upload-time = "2025-03-25T02:24:58.468Z" },
]

[[package]]
name = "redis"
version = "5.0.1"
source = { registry = "https://pypi.org/simple" }
sdist = { url = "https://files.pythonhosted.org/packages/4a/4c/3c3b766f4ecbb3f0bec91ef342ee98d179e040c25b6ecc99e510c2570f2a/redis-5.0.1.tar.gz", hash = "sha256:0dab495cd5753069d3bc650a0dde8a8f9edde16fc5691b689a566eda58100d0f", size = 4578353, upload-time = "2023-09-26T06:51:17.945Z" }
wheels = [
    { url = "https://files.pythonhosted.org/packages/0b/34/a01250ac1fc9bf9161e07956d2d580413106ce02d5591470130a25c599e3/redis-5.0.1-py3-none-any.whl", hash = "sha256:ed4802971884ae19d640775ba3b03aa2e7bd5e8fb8dfaed2decce4d0fc48391f", size = 250272, upload-time = "2023-09-26T06:51:15.745Z" },
]

[[package]]
name = "rq"
version = "1.15.1"
source = { registry = "https://pypi.org/simple" }
dependencies = [
    { name = "click" },
    { name = "redis" },
]
sdist = { url = "https://files.pythonhosted.org/packages/66/64/f66686dea341ce259c717ea4de098c14ecd1a6bd5aec91f6991b3c288a03/rq-1.15.1.tar.gz", hash = "sha256:1f49f4ac1a084044bb8e95b3f305c0bf17e55618b08c18e0b60c080f12d6f008", size = 81462, upload-time = "2023-06-22T02:15:17.982Z" }
wheels = [
    { url = "https://files.pythonhosted.org/packages/e1/24/5ae8bfcea4f24b32e079da421015ad380eadfc8250892a2470b6f19df0d8/rq-1.15.1-py2.py3-none-any.whl", hash = "sha256:6e243d8d9c4af4686ded4b01b25ea1ff4bac4fc260b02638fbe9c8c17b004bd1", size = 95780, upload-time = "2023-06-22T02:15:15.853Z" },
]

[[package]]
name = "sqlparse"
version = "0.5.3"
source = { registry = "https://pypi.org/simple" }
sdist = { url = "https://files.pythonhosted.org/packages/e5/40/edede8dd6977b0d3da179a342c198ed100dd2aba4be081861ee5911e4da4/sqlparse-0.5.3.tar.gz", hash = "sha256:09f67787f56a0b16ecdbde1bfc7f5d9c3371ca683cfeaa8e6ff60b4807ec9272", size = 84999, upload-time = "2024-12-10T12:05:30.728Z" }
wheels = [
    { url = "https://files.pythonhosted.org/packages/a9/5c/bfd6bd0bf979426d405cc6e71eceb8701b148b16c21d2dc3c261efc61c7b/sqlparse-0.5.3-py3-none-any.whl", hash = "sha256:cf2196ed3418f3ba5de6af7e82c694a9fbdbfecccdfc72e281548517081f16ca", size = 44415, upload-time = "2024-12-10T12:05:27.824Z" },
]

[[package]]
name = "tzdata"
version = "2025.2"
source = { registry = "https://pypi.org/simple" }
sdist = { url = "https://files.pythonhosted.org/packages/95/32/1a225d6164441be760d75c2c42e2780dc0873fe382da3e98a2e1e48361e5/tzdata-2025.2.tar.gz", hash = "sha256:b60a638fcc0daffadf82fe0f57e53d06bdec2f36c4df66280ae79bce6bd6f2b9", size = 196380, upload-time = "2025-03-23T13:54:43.652Z" }
wheels = [
    { url = "https://files.pythonhosted.org/packages/5c/23/c7abc0ca0a1526a0774eca151daeb8de62ec457e77262b66b359c3c7679e/tzdata-2025.2-py2.py3-none-any.whl", hash = "sha256:1a403fada01ff9221ca8044d701868fa132215d84beb92242d9acd2147f667a8", size = 347839, upload-time = "2025-03-23T13:54:41.845Z" },
]
